// !$*UTF8*$!
{
	archiveVersion = 1;
	classes = {
	};
	objectVersion = 56;
	objects = {

/* Begin PBXBuildFile section */
		B01000000000000000000001 /* SignalArchiveApp.swift in Sources */ = {isa = PBXBuildFile; fileRef = A0100000000000000000000A /* SignalArchiveApp.swift */; };
		B01000000000000000000002 /* Schema.swift in Sources */ = {isa = PBXBuildFile; fileRef = A0100000000000000000000B /* Schema.swift */; };
		B01000000000000000000003 /* Recipient.swift in Sources */ = {isa = PBXBuildFile; fileRef = A0100000000000000000000C /* Recipient.swift */; };
		B01000000000000000000004 /* Conversation.swift in Sources */ = {isa = PBXBuildFile; fileRef = A0100000000000000000000D /* Conversation.swift */; };
		B01000000000000000000005 /* Message.swift in Sources */ = {isa = PBXBuildFile; fileRef = A0100000000000000000000E /* Message.swift */; };
		B01000000000000000000006 /* SearchResult.swift in Sources */ = {isa = PBXBuildFile; fileRef = A0100000000000000000000F /* SearchResult.swift */; };
		B01000000000000000000007 /* DatabaseManager.swift in Sources */ = {isa = PBXBuildFile; fileRef = A01000000000000000000010 /* DatabaseManager.swift */; };
		B01000000000000000000008 /* SearchService.swift in Sources */ = {isa = PBXBuildFile; fileRef = A01000000000000000000011 /* SearchService.swift */; };
		B01000000000000000000009 /* RootView.swift in Sources */ = {isa = PBXBuildFile; fileRef = A01000000000000000000012 /* RootView.swift */; };
		B0100000000000000000000A /* ImportView.swift in Sources */ = {isa = PBXBuildFile; fileRef = A01000000000000000000013 /* ImportView.swift */; };
		B0100000000000000000000B /* SearchView.swift in Sources */ = {isa = PBXBuildFile; fileRef = A01000000000000000000014 /* SearchView.swift */; };
		B0100000000000000000000C /* SearchResultRow.swift in Sources */ = {isa = PBXBuildFile; fileRef = A01000000000000000000015 /* SearchResultRow.swift */; };
		B0100000000000000000000D /* ConversationListView.swift in Sources */ = {isa = PBXBuildFile; fileRef = A01000000000000000000016 /* ConversationListView.swift */; };
		B0100000000000000000000E /* ThreadView.swift in Sources */ = {isa = PBXBuildFile; fileRef = A01000000000000000000017 /* ThreadView.swift */; };
		B0100000000000000000000F /* MessageRow.swift in Sources */ = {isa = PBXBuildFile; fileRef = A01000000000000000000018 /* MessageRow.swift */; };
		B01000000000000000000010 /* StatsView.swift in Sources */ = {isa = PBXBuildFile; fileRef = A01000000000000000000019 /* StatsView.swift */; };
		B01000000000000000000011 /* SettingsView.swift in Sources */ = {isa = PBXBuildFile; fileRef = A0100000000000000000001A /* SettingsView.swift */; };
		B01000000000000000000012 /* Assets.xcassets in Resources */ = {isa = PBXBuildFile; fileRef = A0100000000000000000001B /* Assets.xcassets */; };
		B01000000000000000000013 /* Preview Assets.xcassets in Resources */ = {isa = PBXBuildFile; fileRef = A0100000000000000000001C /* Preview Assets.xcassets */; };
		B01000000000000000000014 /* GRDB in Frameworks */ = {isa = PBXBuildFile; productRef = 0102000000000000000000AB /* GRDB */; };
/* End PBXBuildFile section */

/* Begin PBXFileReference section */
		A0100000000000000000000A /* SignalArchiveApp.swift */ = {isa = PBXFileReference; lastKnownFileType = sourcecode.swift; path = SignalArchiveApp.swift; sourceTree = "<group>"; };
		A0100000000000000000000B /* Schema.swift */ = {isa = PBXFileReference; lastKnownFileType = sourcecode.swift; path = Schema.swift; sourceTree = "<group>"; };
		A0100000000000000000000C /* Recipient.swift */ = {isa = PBXFileReference; lastKnownFileType = sourcecode.swift; path = Recipient.swift; sourceTree = "<group>"; };
		A0100000000000000000000D /* Conversation.swift */ = {isa = PBXFileReference; lastKnownFileType = sourcecode.swift; path = Conversation.swift; sourceTree = "<group>"; };
		A0100000000000000000000E /* Message.swift */ = {isa = PBXFileReference; lastKnownFileType = sourcecode.swift; path = Message.swift; sourceTree = "<group>"; };
		A0100000000000000000000F /* SearchResult.swift */ = {isa = PBXFileReference; lastKnownFileType = sourcecode.swift; path = SearchResult.swift; sourceTree = "<group>"; };
		A01000000000000000000010 /* DatabaseManager.swift */ = {isa = PBXFileReference; lastKnownFileType = sourcecode.swift; path = DatabaseManager.swift; sourceTree = "<group>"; };
		A01000000000000000000011 /* SearchService.swift */ = {isa = PBXFileReference; lastKnownFileType = sourcecode.swift; path = SearchService.swift; sourceTree = "<group>"; };
		A01000000000000000000012 /* RootView.swift */ = {isa = PBXFileReference; lastKnownFileType = sourcecode.swift; path = RootView.swift; sourceTree = "<group>"; };
		A01000000000000000000013 /* ImportView.swift */ = {isa = PBXFileReference; lastKnownFileType = sourcecode.swift; path = ImportView.swift; sourceTree = "<group>"; };
		A01000000000000000000014 /* SearchView.swift */ = {isa = PBXFileReference; lastKnownFileType = sourcecode.swift; path = SearchView.swift; sourceTree = "<group>"; };
		A01000000000000000000015 /* SearchResultRow.swift */ = {isa = PBXFileReference; lastKnownFileType = sourcecode.swift; path = SearchResultRow.swift; sourceTree = "<group>"; };
		A01000000000000000000016 /* ConversationListView.swift */ = {isa = PBXFileReference; lastKnownFileType = sourcecode.swift; path = ConversationListView.swift; sourceTree = "<group>"; };
		A01000000000000000000017 /* ThreadView.swift */ = {isa = PBXFileReference; lastKnownFileType = sourcecode.swift; path = ThreadView.swift; sourceTree = "<group>"; };
		A01000000000000000000018 /* MessageRow.swift */ = {isa = PBXFileReference; lastKnownFileType = sourcecode.swift; path = MessageRow.swift; sourceTree = "<group>"; };
		A01000000000000000000019 /* StatsView.swift */ = {isa = PBXFileReference; lastKnownFileType = sourcecode.swift; path = StatsView.swift; sourceTree = "<group>"; };
		A0100000000000000000001A /* SettingsView.swift */ = {isa = PBXFileReference; lastKnownFileType = sourcecode.swift; path = SettingsView.swift; sourceTree = "<group>"; };
		A0100000000000000000001B /* Assets.xcassets */ = {isa = PBXFileReference; lastKnownFileType = folder.assetcatalog; path = Assets.xcassets; sourceTree = "<group>"; };
		A0100000000000000000001C /* Preview Assets.xcassets */ = {isa = PBXFileReference; lastKnownFileType = folder.assetcatalog; path = "Preview Assets.xcassets"; sourceTree = "<group>"; };
		E01000000000000000000002 /* SignalArchive.app */ = {isa = PBXFileReference; explicitFileType = wrapper.application; includeInIndex = 0; path = SignalArchive.app; sourceTree = BUILT_PRODUCTS_DIR; };
/* End PBXFileReference section */

/* Begin PBXFrameworksBuildPhase section */
		D01000000000000000000002 /* Frameworks */ = {
			isa = PBXFrameworksBuildPhase;
			buildActionMask = 2147483647;
			files = (
				B01000000000000000000014 /* GRDB in Frameworks */,
			);
			runOnlyForDeploymentPostprocessing = 0;
		};
/* End PBXFrameworksBuildPhase section */

/* Begin PBXGroup section */
		C01000000000000000000001 = {
			isa = PBXGroup;
			children = (
				C01000000000000000000002 /* SignalArchive */,
				C01000000000000000000007 /* Products */,
				C01000000000000000000008 /* Frameworks */,
			);
			sourceTree = "<group>";
		};
		C01000000000000000000002 /* SignalArchive */ = {
			isa = PBXGroup;
			children = (
				A0100000000000000000000A /* SignalArchiveApp.swift */,
				C01000000000000000000003 /* Models */,
				C01000000000000000000004 /* Database */,
				C01000000000000000000005 /* Views */,
				A0100000000000000000001B /* Assets.xcassets */,
				C01000000000000000000006 /* Preview Content */,
			);
			path = SignalArchive;
			sourceTree = "<group>";
		};
		C01000000000000000000003 /* Models */ = {
			isa = PBXGroup;
			children = (
				A0100000000000000000000B /* Schema.swift */,
				A0100000000000000000000C /* Recipient.swift */,
				A0100000000000000000000D /* Conversation.swift */,
				A0100000000000000000000E /* Message.swift */,
				A0100000000000000000000F /* SearchResult.swift */,
			);
			path = Models;
			sourceTree = "<group>";
		};
		C01000000000000000000004 /* Database */ = {
			isa = PBXGroup;
			children = (
				A01000000000000000000010 /* DatabaseManager.swift */,
				A01000000000000000000011 /* SearchService.swift */,
			);
			path = Database;
			sourceTree = "<group>";
		};
		C01000000000000000000005 /* Views */ = {
			isa = PBXGroup;
			children = (
				A01000000000000000000012 /* RootView.swift */,
				A01000000000000000000013 /* ImportView.swift */,
				A01000000000000000000014 /* SearchView.swift */,
				A01000000000000000000015 /* SearchResultRow.swift */,
				A01000000000000000000016 /* ConversationListView.swift */,
				A01000000000000000000017 /* ThreadView.swift */,
				A01000000000000000000018 /* MessageRow.swift */,
				A01000000000000000000019 /* StatsView.swift */,
				A0100000000000000000001A /* SettingsView.swift */,
			);
			path = Views;
			sourceTree = "<group>";
		};
		C01000000000000000000006 /* Preview Content */ = {
			isa = PBXGroup;
			children = (
				A0100000000000000000001C /* Preview Assets.xcassets */,
			);
			path = "Preview Content";
			sourceTree = "<group>";
		};
		C01000000000000000000007 /* Products */ = {
			isa = PBXGroup;
			children = (
				E01000000000000000000002 /* SignalArchive.app */,
			);
			name = Products;
			sourceTree = "<group>";
		};
		C01000000000000000000008 /* Frameworks */ = {
			isa = PBXGroup;
			children = (
			);
			name = Frameworks;
			sourceTree = "<group>";
		};
/* End PBXGroup section */

/* Begin PBXNativeTarget section */
		E01000000000000000000001 /* SignalArchive */ = {
			isa = PBXNativeTarget;
			buildConfigurationList = F01000000000000000000006 /* Build configuration list for PBXNativeTarget "SignalArchive" */;
			buildPhases = (
				D01000000000000000000001 /* Sources */,
				D01000000000000000000002 /* Frameworks */,
				D01000000000000000000003 /* Resources */,
			);
			buildRules = (
			);
			dependencies = (
			);
			name = SignalArchive;
			packageProductDependencies = (
				0102000000000000000000AB /* GRDB */,
			);
			productName = SignalArchive;
			productReference = E01000000000000000000002 /* SignalArchive.app */;
			productType = "com.apple.product-type.application";
		};
/* End PBXNativeTarget section */

/* Begin PBXProject section */
		0000000000000000000000A0 /* Project object */ = {
			isa = PBXProject;
			attributes = {
				BuildIndependentTargetsInParallel = 1;
				LastSwiftUpdateCheck = 1500;
				LastUpgradeCheck = 1500;
				TargetAttributes = {
					E01000000000000000000001 = {
						CreatedOnToolsVersion = 15.0;
					};
				};
			};
			buildConfigurationList = F01000000000000000000005 /* Build configuration list for PBXProject "SignalArchive" */;
			compatibilityVersion = "Xcode 14.0";
			developmentRegion = en;
			hasScannedForEncodings = 0;
			knownRegions = (
				en,
				Base,
			);
			mainGroup = C01000000000000000000001;
			packageReferences = (
				0102000000000000000000AA /* XCRemoteSwiftPackageReference "GRDB" */,
			);
			productRefGroup = C01000000000000000000007 /* Products */;
			projectDirPath = "";
			projectRoot = "";
			targets = (
				E01000000000000000000001 /* SignalArchive */,
			);
		};
/* End PBXProject section */

/* Begin PBXResourcesBuildPhase section */
		D01000000000000000000003 /* Resources */ = {
			isa = PBXResourcesBuildPhase;
			buildActionMask = 2147483647;
			files = (
				B01000000000000000000013 /* Preview Assets.xcassets in Resources */,
				B01000000000000000000012 /* Assets.xcassets in Resources */,
			);
			runOnlyForDeploymentPostprocessing = 0;
		};
/* End PBXResourcesBuildPhase section */

/* Begin PBXSourcesBuildPhase section */
		D01000000000000000000001 /* Sources */ = {
			isa = PBXSourcesBuildPhase;
			buildActionMask = 2147483647;
			files = (
				B01000000000000000000001 /* SignalArchiveApp.swift in Sources */,
				B01000000000000000000002 /* Schema.swift in Sources */,
				B01000000000000000000003 /* Recipient.swift in Sources */,
				B01000000000000000000004 /* Conversation.swift in Sources */,
				B01000000000000000000005 /* Message.swift in Sources */,
				B01000000000000000000006 /* SearchResult.swift in Sources */,
				B01000000000000000000007 /* DatabaseManager.swift in Sources */,
				B01000000000000000000008 /* SearchService.swift in Sources */,
				B01000000000000000000009 /* RootView.swift in Sources */,
				B0100000000000000000000A /* ImportView.swift in Sources */,
				B0100000000000000000000B /* SearchView.swift in Sources */,
				B0100000000000000000000C /* SearchResultRow.swift in Sources */,
				B0100000000000000000000D /* ConversationListView.swift in Sources */,
				B0100000000000000000000E /* ThreadView.swift in Sources */,
				B0100000000000000000000F /* MessageRow.swift in Sources */,
				B01000000000000000000010 /* StatsView.swift in Sources */,
				B01000000000000000000011 /* SettingsView.swift in Sources */,
			);
			runOnlyForDeploymentPostprocessing = 0;
		};
/* End PBXSourcesBuildPhase section */

/* Begin XCBuildConfiguration section */
		F01000000000000000000001 /* Debug */ = {
			isa = XCBuildConfiguration;
			buildSettings = {
				ALWAYS_SEARCH_USER_PATHS = NO;
				CLANG_ANALYZER_NONNULL = YES;
				CLANG_ANALYZER_NUMBER_OBJECT_CONVERSION = YES_AGGRESSIVE;
				CLANG_CXX_LANGUAGE_STANDARD = "gnu++20";
				CLANG_ENABLE_MODULES = YES;
				CLANG_ENABLE_OBJC_ARC = YES;
				CLANG_ENABLE_OBJC_WEAK = YES;
				COPY_PHASE_STRIP = NO;
				DEBUG_INFORMATION_FORMAT = dwarf;
				ENABLE_STRICT_OBJC_MSGSEND = YES;
				ENABLE_TESTABILITY = YES;
				ENABLE_USER_SCRIPT_SANDBOXING = YES;
				GCC_C_LANGUAGE_STANDARD = gnu17;
				GCC_DYNAMIC_NO_PIC = NO;
				GCC_NO_COMMON_BLOCKS = YES;
				GCC_OPTIMIZATION_LEVEL = 0;
				GCC_PREPROCESSOR_DEFINITIONS = (
					"DEBUG=1",
					"$(inherited)",
				);
				IPHONEOS_DEPLOYMENT_TARGET = 17.0;
				LOCALIZATION_PREFERS_STRING_CATALOGS = YES;
				MTL_ENABLE_DEBUG_INFO = INCLUDE_SOURCE;
				MTL_FAST_MATH = YES;
				ONLY_ACTIVE_ARCH = YES;
				SDKROOT = iphoneos;
				SWIFT_ACTIVE_COMPILATION_CONDITIONS = "DEBUG $(inherited)";
				SWIFT_OPTIMIZATION_LEVEL = "-Onone";
				SWIFT_VERSION = 5.0;
			};
			name = Debug;
		};
		F01000000000000000000002 /* Release */ = {
			isa = XCBuildConfiguration;
			buildSettings = {
				ALWAYS_SEARCH_USER_PATHS = NO;
				CLANG_ANALYZER_NONNULL = YES;
				CLANG_ANALYZER_NUMBER_OBJECT_CONVERSION = YES_AGGRESSIVE;
				CLANG_CXX_LANGUAGE_STANDARD = "gnu++20";
				CLANG_ENABLE_MODULES = YES;
				CLANG_ENABLE_OBJC_ARC = YES;
				CLANG_ENABLE_OBJC_WEAK = YES;
				COPY_PHASE_STRIP = NO;
				DEBUG_INFORMATION_FORMAT = "dwarf-with-dsym";
				ENABLE_NS_ASSERTIONS = NO;
				ENABLE_STRICT_OBJC_MSGSEND = YES;
				ENABLE_USER_SCRIPT_SANDBOXING = YES;
				GCC_C_LANGUAGE_STANDARD = gnu17;
				GCC_NO_COMMON_BLOCKS = YES;
				IPHONEOS_DEPLOYMENT_TARGET = 17.0;
				LOCALIZATION_PREFERS_STRING_CATALOGS = YES;
				MTL_ENABLE_DEBUG_INFO = NO;
				MTL_FAST_MATH = YES;
				SDKROOT = iphoneos;
				SWIFT_COMPILATION_MODE = wholemodule;
				SWIFT_VERSION = 5.0;
				VALIDATE_PRODUCT = YES;
			};
			name = Release;
		};
		F01000000000000000000003 /* Debug */ = {
			isa = XCBuildConfiguration;
			buildSettings = {
				ASSETCATALOG_COMPILER_APPICON_NAME = AppIcon;
				ASSETCATALOG_COMPILER_GLOBAL_ACCENT_COLOR_NAME = AccentColor;
				CODE_SIGN_STYLE = Automatic;
				CURRENT_PROJECT_VERSION = 1;
				DEVELOPMENT_ASSET_PATHS = "\"SignalArchive/Preview Content\"";
				DEVELOPMENT_TEAM = KV28964LTT;
				ENABLE_PREVIEWS = YES;
				GENERATE_INFOPLIST_FILE = YES;
				INFOPLIST_KEY_UIApplicationSceneManifest_Generation = YES;
				INFOPLIST_KEY_UIApplicationSupportsIndirectInputEvents = YES;
				INFOPLIST_KEY_UILaunchScreen_Generation = YES;
				INFOPLIST_KEY_UISupportedInterfaceOrientations_iPad = "UIInterfaceOrientationPortrait UIInterfaceOrientationPortraitUpsideDown UIInterfaceOrientationLandscapeLeft UIInterfaceOrientationLandscapeRight";
				INFOPLIST_KEY_UISupportedInterfaceOrientations_iPhone = "UIInterfaceOrientationPortrait UIInterfaceOrientationLandscapeLeft UIInterfaceOrientationLandscapeRight";
				LD_RUNPATH_SEARCH_PATHS = (
					"$(inherited)",
					"@executable_path/Frameworks",
				);
				MARKETING_VERSION = 0.1;
				PRODUCT_BUNDLE_IDENTIFIER = com.jamie.SignalArchive;
				PRODUCT_NAME = "$(TARGET_NAME)";
				SUPPORTED_PLATFORMS = "iphoneos iphonesimulator";
				SUPPORTS_MACCATALYST = NO;
				SUPPORTS_MAC_DESIGNED_FOR_IPHONE_IPAD = NO;
				SWIFT_EMIT_LOC_STRINGS = YES;
				SWIFT_VERSION = 5.0;
				TARGETED_DEVICE_FAMILY = "1,2";
			};
			name = Debug;
		};
		F01000000000000000000004 /* Release */ = {
			isa = XCBuildConfiguration;
			buildSettings = {
				ASSETCATALOG_COMPILER_APPICON_NAME = AppIcon;
				ASSETCATALOG_COMPILER_GLOBAL_ACCENT_COLOR_NAME = AccentColor;
				CODE_SIGN_STYLE = Automatic;
				CURRENT_PROJECT_VERSION = 1;
				DEVELOPMENT_ASSET_PATHS = "\"SignalArchive/Preview Content\"";
				DEVELOPMENT_TEAM = KV28964LTT;
				ENABLE_PREVIEWS = YES;
				GENERATE_INFOPLIST_FILE = YES;
				INFOPLIST_KEY_UIApplicationSceneManifest_Generation = YES;
				INFOPLIST_KEY_UIApplicationSupportsIndirectInputEvents = YES;
				INFOPLIST_KEY_UILaunchScreen_Generation = YES;
				INFOPLIST_KEY_UISupportedInterfaceOrientations_iPad = "UIInterfaceOrientationPortrait UIInterfaceOrientationPortraitUpsideDown UIInterfaceOrientationLandscapeLeft UIInterfaceOrientationLandscapeRight";
				INFOPLIST_KEY_UISupportedInterfaceOrientations_iPhone = "UIInterfaceOrientationPortrait UIInterfaceOrientationLandscapeLeft UIInterfaceOrientationLandscapeRight";
				LD_RUNPATH_SEARCH_PATHS = (
					"$(inherited)",
					"@executable_path/Frameworks",
				);
				MARKETING_VERSION = 0.1;
				PRODUCT_BUNDLE_IDENTIFIER = com.jamie.SignalArchive;
				PRODUCT_NAME = "$(TARGET_NAME)";
				SUPPORTED_PLATFORMS = "iphoneos iphonesimulator";
				SUPPORTS_MACCATALYST = NO;
				SUPPORTS_MAC_DESIGNED_FOR_IPHONE_IPAD = NO;
				SWIFT_EMIT_LOC_STRINGS = YES;
				SWIFT_VERSION = 5.0;
				TARGETED_DEVICE_FAMILY = "1,2";
			};
			name = Release;
		};
/* End XCBuildConfiguration section */

/* Begin XCConfigurationList section */
		F01000000000000000000005 /* Build configuration list for PBXProject "SignalArchive" */ = {
			isa = XCConfigurationList;
			buildConfigurations = (
				F01000000000000000000001 /* Debug */,
				F01000000000000000000002 /* Release */,
			);
			defaultConfigurationIsVisible = 0;
			defaultConfigurationName = Release;
		};
		F01000000000000000000006 /* Build configuration list for PBXNativeTarget "SignalArchive" */ = {
			isa = XCConfigurationList;
			buildConfigurations = (
				F01000000000000000000003 /* Debug */,
				F01000000000000000000004 /* Release */,
			);
			defaultConfigurationIsVisible = 0;
			defaultConfigurationName = Release;
		};
/* End XCConfigurationList section */

/* Begin XCRemoteSwiftPackageReference section */
		0102000000000000000000AA /* XCRemoteSwiftPackageReference "GRDB" */ = {
			isa = XCRemoteSwiftPackageReference;
			repositoryURL = "https://github.com/groue/GRDB.swift";
			requirement = {
				kind = upToNextMajorVersion;
				minimumVersion = 6.29.3;
			};
		};
/* End XCRemoteSwiftPackageReference section */

/* Begin XCSwiftPackageProductDependency section */
		0102000000000000000000AB /* GRDB */ = {
			isa = XCSwiftPackageProductDependency;
			package = 0102000000000000000000AA /* XCRemoteSwiftPackageReference "GRDB" */;
			productName = GRDB;
		};
/* End XCSwiftPackageProductDependency section */
	};
	rootObject = 0000000000000000000000A0 /* Project object */;
}
